
Microsoft Visual Studio Solution File, Format Version 12.00
# Visual Studio 14
VisualStudioVersion = 14.0.25420.1
MinimumVisualStudioVersion = 10.0.40219.1
Project("{FAE04EC0-301F-11D3-BF4B-00C04F79EFBC}") = "001程序结构", "StudyCSharp\001程序结构.csproj", "{0A2AA6D5-8442-4690-8189-36D80CB6EE41}"
EndProject
Project("{FAE04EC0-301F-11D3-BF4B-00C04F79EFBC}") = "002变量", "002变量\002变量.csproj", "{08A4A531-3B24-49CC-B642-E50659CF8E6D}"
EndProject
Project("{FAE04EC0-301F-11D3-BF4B-00C04F79EFBC}") = "003使用new创建对象", "003使用new创建对象\003使用new创建对象.csproj", "{67E7632C-5FB1-47A8-9A4E-2D5666A44BF1}"
EndProject
Project("{FAE04EC0-301F-11D3-BF4B-00C04F79EFBC}") = "004委托", "004委托\004委托.csproj", "{DE8E77F1-DB33-4925-B280-B4048B5E6CD5}"
EndProject
Project("{FAE04EC0-301F-11D3-BF4B-00C04F79EFBC}") = "005事件", "005事件\005事件.csproj", "{C4EE2F41-09EA-46FE-B090-4921B0B42BD0}"
EndProject
Project("{FAE04EC0-301F-11D3-BF4B-00C04F79EFBC}") = "006自定义事件（复杂）", "006自定义事件（复杂）\006自定义事件（复杂）.csproj", "{A0937AFA-CC9A-43C6-9929-04F7BA6C8E51}"
EndProject
Project("{FAE04EC0-301F-11D3-BF4B-00C04F79EFBC}") = "005001添加Windows.Froms", "00501添加Windows.Froms\005001添加Windows.Froms.csproj", "{CA9BCC23-9511-431D-A670-7F29DDF967F0}"
EndProject
Project("{FAE04EC0-301F-11D3-BF4B-00C04F79EFBC}") = "005002", "005002\005002.csproj", "{4DE16117-6203-4A91-AC38-0F4E43D1AA32}"
EndProject
Project("{FAE04EC0-301F-11D3-BF4B-00C04F79EFBC}") = "005003", "005003\005003.csproj", "{5C134523-BF99-4AC6-BD20-B980913F43AC}"
EndProject
Project("{FAE04EC0-301F-11D3-BF4B-00C04F79EFBC}") = "005004自定义事件（复杂）", "005004自定义事件（复杂）\005004自定义事件（复杂）.csproj", "{47AB2FD4-3BE3-4176-B7AD-5C303D00B6D1}"
EndProject
Global
	GlobalSection(SolutionConfigurationPlatforms) = preSolution
		Debug|Any CPU = Debug|Any CPU
		Release|Any CPU = Release|Any CPU
	EndGlobalSection
	GlobalSection(ProjectConfigurationPlatforms) = postSolution
		{0A2AA6D5-8442-4690-8189-36D80CB6EE41}.Debug|Any CPU.ActiveCfg = Debug|Any CPU
		{0A2AA6D5-8442-4690-8189-36D80CB6EE41}.Debug|Any CPU.Build.0 = Debug|Any CPU
		{0A2AA6D5-8442-4690-8189-36D80CB6EE41}.Release|Any CPU.ActiveCfg = Release|Any CPU
		{0A2AA6D5-8442-4690-8189-36D80CB6EE41}.Release|Any CPU.Build.0 = Release|Any CPU
		{08A4A531-3B24-49CC-B642-E50659CF8E6D}.Debug|Any CPU.ActiveCfg = Debug|Any CPU
		{08A4A531-3B24-49CC-B642-E50659CF8E6D}.Debug|Any CPU.Build.0 = Debug|Any CPU
		{08A4A531-3B24-49CC-B642-E50659CF8E6D}.Release|Any CPU.ActiveCfg = Release|Any CPU
		{08A4A531-3B24-49CC-B642-E50659CF8E6D}.Release|Any CPU.Build.0 = Release|Any CPU
		{67E7632C-5FB1-47A8-9A4E-2D5666A44BF1}.Debug|Any CPU.ActiveCfg = Debug|Any CPU
		{67E7632C-5FB1-47A8-9A4E-2D5666A44BF1}.Debug|Any CPU.Build.0 = Debug|Any CPU
		{67E7632C-5FB1-47A8-9A4E-2D5666A44BF1}.Release|Any CPU.ActiveCfg = Release|Any CPU
		{67E7632C-5FB1-47A8-9A4E-2D5666A44BF1}.Release|Any CPU.Build.0 = Release|Any CPU
		{DE8E77F1-DB33-4925-B280-B4048B5E6CD5}.Debug|Any CPU.ActiveCfg = Debug|Any CPU
		{DE8E77F1-DB33-4925-B280-B4048B5E6CD5}.Debug|Any CPU.Build.0 = Debug|Any CPU
		{DE8E77F1-DB33-4925-B280-B4048B5E6CD5}.Release|Any CPU.ActiveCfg = Release|Any CPU
		{DE8E77F1-DB33-4925-B280-B4048B5E6CD5}.Release|Any CPU.Build.0 = Release|Any CPU
		{C4EE2F41-09EA-46FE-B090-4921B0B42BD0}.Debug|Any CPU.ActiveCfg = Debug|Any CPU
		{C4EE2F41-09EA-46FE-B090-4921B0B42BD0}.Debug|Any CPU.Build.0 = Debug|Any CPU
		{C4EE2F41-09EA-46FE-B090-4921B0B42BD0}.Release|Any CPU.ActiveCfg = Release|Any CPU
		{C4EE2F41-09EA-46FE-B090-4921B0B42BD0}.Release|Any CPU.Build.0 = Release|Any CPU
		{A0937AFA-CC9A-43C6-9929-04F7BA6C8E51}.Debug|Any CPU.ActiveCfg = Debug|Any CPU
		{A0937AFA-CC9A-43C6-9929-04F7BA6C8E51}.Debug|Any CPU.Build.0 = Debug|Any CPU
		{A0937AFA-CC9A-43C6-9929-04F7BA6C8E51}.Release|Any CPU.ActiveCfg = Release|Any CPU
		{A0937AFA-CC9A-43C6-9929-04F7BA6C8E51}.Release|Any CPU.Build.0 = Release|Any CPU
		{CA9BCC23-9511-431D-A670-7F29DDF967F0}.Debug|Any CPU.ActiveCfg = Debug|Any CPU
		{CA9BCC23-9511-431D-A670-7F29DDF967F0}.Debug|Any CPU.Build.0 = Debug|Any CPU
		{CA9BCC23-9511-431D-A670-7F29DDF967F0}.Release|Any CPU.ActiveCfg = Release|Any CPU
		{CA9BCC23-9511-431D-A670-7F29DDF967F0}.Release|Any CPU.Build.0 = Release|Any CPU
		{4DE16117-6203-4A91-AC38-0F4E43D1AA32}.Debug|Any CPU.ActiveCfg = Debug|Any CPU
		{4DE16117-6203-4A91-AC38-0F4E43D1AA32}.Debug|Any CPU.Build.0 = Debug|Any CPU
		{4DE16117-6203-4A91-AC38-0F4E43D1AA32}.Release|Any CPU.ActiveCfg = Release|Any CPU
		{4DE16117-6203-4A91-AC38-0F4E43D1AA32}.Release|Any CPU.Build.0 = Release|Any CPU
		{5C134523-BF99-4AC6-BD20-B980913F43AC}.Debug|Any CPU.ActiveCfg = Debug|Any CPU
		{5C134523-BF99-4AC6-BD20-B980913F43AC}.Debug|Any CPU.Build.0 = Debug|Any CPU
		{5C134523-BF99-4AC6-BD20-B980913F43AC}.Release|Any CPU.ActiveCfg = Release|Any CPU
		{5C134523-BF99-4AC6-BD20-B980913F43AC}.Release|Any CPU.Build.0 = Release|Any CPU
		{47AB2FD4-3BE3-4176-B7AD-5C303D00B6D1}.Debug|Any CPU.ActiveCfg = Debug|Any CPU
		{47AB2FD4-3BE3-4176-B7AD-5C303D00B6D1}.Debug|Any CPU.Build.0 = Debug|Any CPU
		{47AB2FD4-3BE3-4176-B7AD-5C303D00B6D1}.Release|Any CPU.ActiveCfg = Release|Any CPU
		{47AB2FD4-3BE3-4176-B7AD-5C303D00B6D1}.Release|Any CPU.Build.0 = Release|Any CPU
	EndGlobalSection
	GlobalSection(SolutionProperties) = preSolution
		HideSolutionNode = FALSE
	EndGlobalSection
EndGlobal
